
Microsoft Visual Studio Solution File, Format Version 12.00
# Visual Studio 15
VisualStudioVersion = 15.0.27130.2024
MinimumVisualStudioVersion = 10.0.40219.1
Project("{FAE04EC0-301F-11D3-BF4B-00C04F79EFBC}") = "Color_Mixer_TripleSlider", "Color_Mixer_TripleSlider\Color_Mixer_TripleSlider.csproj", "{AC5FF7BC-12E0-44C7-86F6-B71844C3DB37}"
EndProject
Global
	GlobalSection(SolutionConfigurationPlatforms) = preSolution
		Debug|Any CPU = Debug|Any CPU
		Release|Any CPU = Release|Any CPU
	EndGlobalSection
	GlobalSection(ProjectConfigurationPlatforms) = postSolution
		{AC5FF7BC-12E0-44C7-86F6-B71844C3DB37}.Debug|Any CPU.ActiveCfg = Debug|Any CPU
		{AC5FF7BC-12E0-44C7-86F6-B71844C3DB37}.Debug|Any CPU.Build.0 = Debug|Any CPU
		{AC5FF7BC-12E0-44C7-86F6-B71844C3DB37}.Release|Any CPU.ActiveCfg = Release|Any CPU
		{AC5FF7BC-12E0-44C7-86F6-B71844C3DB37}.Release|Any CPU.Build.0 = Release|Any CPU
	EndGlobalSection
	GlobalSection(SolutionProperties) = preSolution
		HideSolutionNode = FALSE
	EndGlobalSection
	GlobalSection(ExtensibilityGlobals) = postSolution
		SolutionGuid = {051644CD-AFBE-43FD-94BE-BE1AFB05FE0F}
	EndGlobalSection
EndGlobal
